{
    "_readme": [
        "This file locks the dependencies of your project to a known state",
        "Read more about it at https://getcomposer.org/doc/01-basic-usage.md#installing-dependencies",
        "This file is @generated automatically"
    ],
    "content-hash": "93ac23c8627382bd5341be3f8753d78f",
    "packages": [
        {
            "name": "mesilov/bitrix24-php-sdk",
            "version": "1.3",
            "source": {
                "type": "git",
                "url": "https://github.com/mesilov/bitrix24-php-sdk.git",
                "reference": "86957806f88a9e9b74d8aef4debda222646c4621"
            },
            "dist": {
                "type": "zip",
                "url": "https://api.github.com/repos/mesilov/bitrix24-php-sdk/zipball/86957806f88a9e9b74d8aef4debda222646c4621",
                "reference": "86957806f88a9e9b74d8aef4debda222646c4621",
                "shasum": ""
            },
            "require": {
                "ext-curl": "*",
                "ext-json": "*",
                "php": ">=5.4.0",
                "psr/log": "^1.0 || ^2.0 || ^3.0"
            },
            "require-dev": {
                "jakub-onderka/php-console-highlighter": "~0.3",
                "jakub-onderka/php-parallel-lint": "0.9",
                "phpunit/phpunit": "~4.8",
                "phpunit/phpunit-mock-objects": "2.3.0"
            },
            "type": "library",
            "autoload": {
                "classmap": [
                    "src/"
                ]
            },
            "notification-url": "https://packagist.org/downloads/",
            "license": [
                "MIT"
            ],
            "authors": [
                {
                    "name": "Maxim Mesilov",
                    "homepage": "https://github.com/mesilov/"
                }
            ],
            "description": "A powerfull PHP library for the Bitrix24 REST API",
            "homepage": "https://github.com/mesilov/bitrix24-php-sdk",
            "keywords": [
                "Bitrix24",
                "api",
                "php",
                "rest"
            ],
            "support": {
                "issues": "https://github.com/mesilov/bitrix24-php-sdk/issues",
                "source": "https://github.com/mesilov/bitrix24-php-sdk/tree/1.3"
            },
            "funding": [
                {
                    "url": "https://boosty.to/bitrix24-php-sdk",
                    "type": "custom"
                }
            ],
            "time": "2024-04-07T14:12:41+00:00"
        },
        {
            "name": "psr/log",
            "version": "3.0.2",
            "source": {
                "type": "git",
                "url": "https://github.com/php-fig/log.git",
                "reference": "f16e1d5863e37f8d8c2a01719f5b34baa2b714d3"
            },
            "dist": {
                "type": "zip",
                "url": "https://api.github.com/repos/php-fig/log/zipball/f16e1d5863e37f8d8c2a01719f5b34baa2b714d3",
                "reference": "f16e1d5863e37f8d8c2a01719f5b34baa2b714d3",
                "shasum": ""
            },
            "require": {
                "php": ">=8.0.0"
            },
            "type": "library",
            "extra": {
                "branch-alias": {
                    "dev-master": "3.x-dev"
                }
            },
            "autoload": {
                "psr-4": {
                    "Psr\\Log\\": "src"
                }
            },
            "notification-url": "https://packagist.org/downloads/",
            "license": [
                "MIT"
            ],
            "authors": [
                {
                    "name": "PHP-FIG",
                    "homepage": "https://www.php-fig.org/"
                }
            ],
            "description": "Common interface for logging libraries",
            "homepage": "https://github.com/php-fig/log",
            "keywords": [
                "log",
                "psr",
                "psr-3"
            ],
            "support": {
                "source": "https://github.com/php-fig/log/tree/3.0.2"
            },
            "time": "2024-09-11T13:17:53+00:00"
        }
    ],
    "packages-dev": [],
    "aliases": [],
    "minimum-stability": "stable",
    "stability-flags": [],
    "prefer-stable": false,
    "prefer-lowest": false,
    "platform": [],
    "platform-dev": [],
    "plugin-api-version": "2.6.0"
}
